// !$*UTF8*$!
{
	archiveVersion = 1;
	classes = {
	};
	objectVersion = 42;
	objects = {

/* Begin PBXBuildFile section */
		069D05B0128AE5DC7EE31738 /* QtCore.framework in Frameworks & Libraries */ = {isa = PBXBuildFile; fileRef = 7BC2E65A5E699A5E5D834CA2 /* QtCore.framework */; };
		09FBAE800D17258A00F7A565 /* equip.app in Project Copy */ = {isa = PBXBuildFile; fileRef = 09FBAE7D0D17258A00F7A565 /* equip.app */; };
		101147CE57DDA0B7C3131569 /* moc_imp_equipmant.cpp in Build Sources */ = {isa = PBXBuildFile; fileRef = 113948CA6960949D23784AB0 /* moc_imp_equipmant.cpp */; settings = {ATTRIBUTES = (); }; };
		2B093CA6F071B023A473CED0 /* main.cpp in Build Sources */ = {isa = PBXBuildFile; fileRef = 118FCBAABA162BA17933C789 /* main.cpp */; settings = {ATTRIBUTES = (); }; };
		501667F26B3C1FF6767A7C12 /* QtGui.framework in Frameworks & Libraries */ = {isa = PBXBuildFile; fileRef = 9B36DA7E32F0304E780E7972 /* QtGui.framework */; };
		51D4DBF7CB8537BE86EBD055 /* AppKit.framework in Frameworks & Libraries */ = {isa = PBXBuildFile; fileRef = 821416211D63F190AAAD016A /* AppKit.framework */; };
		728A05418BAA303E32C0465B /* qrc_equip.cpp in Build Sources */ = {isa = PBXBuildFile; fileRef = 2316B605C7E27BA602386713 /* qrc_equip.cpp */; settings = {ATTRIBUTES = (); }; };
		BE2F8C72CEC896C4DE97D0F5 /* imp_equipmant.cpp in Build Sources */ = {isa = PBXBuildFile; fileRef = 524AF6F906D805FEFEEE072C /* imp_equipmant.cpp */; settings = {ATTRIBUTES = (); }; };
		C04CCB82DD22BFC9D8AA3427 /* equip.icns in Bundle Resources */ = {isa = PBXBuildFile; fileRef = B6B45450E6FC5759EFB34A26 /* equip.icns */; settings = {ATTRIBUTES = (); }; };
		C8FD4A1AAA37CF2CA2824CCF /* Carbon.framework in Frameworks & Libraries */ = {isa = PBXBuildFile; fileRef = DA138F75C9F545CDAE7FB264 /* Carbon.framework */; };
		C970DEE26C28766E9311E00E /* QuickTime.framework in Frameworks & Libraries */ = {isa = PBXBuildFile; fileRef = A93DF979D20C91D1A15D9625 /* QuickTime.framework */; };
		C9C115EDA14570BA91E04AE0 /* moc_imp_about.cpp in Build Sources */ = {isa = PBXBuildFile; fileRef = 6E9D5766387B86E0BF89F468 /* moc_imp_about.cpp */; settings = {ATTRIBUTES = (); }; };
		DB5EDFE402AC794D764D7A95 /* imp_about.cpp in Build Sources */ = {isa = PBXBuildFile; fileRef = FDDF060790406181768A99FF /* imp_about.cpp */; settings = {ATTRIBUTES = (); }; };
		F9E76E570E10AF14870553A7 /* ApplicationServices.framework in Frameworks & Libraries */ = {isa = PBXBuildFile; fileRef = 27AE7A480FD6C52FCA80FECD /* ApplicationServices.framework */; };
/* End PBXBuildFile section */

/* Begin PBXCopyFilesBuildPhase section */
		F6069D5A5DA8AA28EDB8B3C6 /* Project Copy */ = {
			isa = PBXCopyFilesBuildPhase;
			buildActionMask = 2147483647;
			dstPath = /Users/grekkos/apps/equipmant_project/equipmant/src;
			dstSubfolderSpec = 0;
			files = (
				09FBAE800D17258A00F7A565 /* equip.app in Project Copy */,
			);
			name = "Project Copy";
			runOnlyForDeploymentPostprocessing = 0;
		};
/* End PBXCopyFilesBuildPhase section */

/* Begin PBXFileReference section */
		09FBAE7D0D17258A00F7A565 /* equip.app */ = {isa = PBXFileReference; includeInIndex = 0; lastKnownFileType = wrapper.application; path = equip.app; sourceTree = BUILT_PRODUCTS_DIR; };
		113948CA6960949D23784AB0 /* moc_imp_equipmant.cpp */ = {isa = PBXFileReference; lastKnownFileType = sourcecode.cpp.cpp; path = moc_imp_equipmant.cpp; sourceTree = "<group>"; };
		118FCBAABA162BA17933C789 /* main.cpp */ = {isa = PBXFileReference; lastKnownFileType = sourcecode.cpp.cpp; path = main.cpp; sourceTree = "<group>"; };
		2316B605C7E27BA602386713 /* qrc_equip.cpp */ = {isa = PBXFileReference; lastKnownFileType = sourcecode.cpp.cpp; path = qrc_equip.cpp; sourceTree = "<group>"; };
		27AE7A480FD6C52FCA80FECD /* ApplicationServices.framework */ = {isa = PBXFileReference; lastKnownFileType = wrapper.framework; name = ApplicationServices.framework; path = /System/Library/Frameworks/ApplicationServices.framework; sourceTree = "<absolute>"; };
		3BC338EB54B5D323151DEF99 /* ui_about.h */ = {isa = PBXFileReference; lastKnownFileType = sourcecode.c.h; path = ui_about.h; sourceTree = "<group>"; };
		4291BFEE8FDDE9B0FCACFC98 /* equip.pro */ = {isa = PBXFileReference; lastKnownFileType = text; path = equip.pro; sourceTree = "<group>"; };
		524AF6F906D805FEFEEE072C /* imp_equipmant.cpp */ = {isa = PBXFileReference; lastKnownFileType = sourcecode.cpp.cpp; path = imp_equipmant.cpp; sourceTree = "<group>"; };
		6AF84D118C271F3EB05ECCB2 /* equip.qrc */ = {isa = PBXFileReference; lastKnownFileType = text; path = equip.qrc; sourceTree = "<group>"; };
		6E9D5766387B86E0BF89F468 /* moc_imp_about.cpp */ = {isa = PBXFileReference; lastKnownFileType = sourcecode.cpp.cpp; path = moc_imp_about.cpp; sourceTree = "<group>"; };
		7BC2E65A5E699A5E5D834CA2 /* QtCore.framework */ = {isa = PBXFileReference; lastKnownFileType = wrapper.framework; name = QtCore.framework; path = /Library/Frameworks/QtCore.framework; sourceTree = "<absolute>"; };
		7E628BFE3C05096615E244F1 /* ui_equipmant.h */ = {isa = PBXFileReference; lastKnownFileType = sourcecode.c.h; path = ui_equipmant.h; sourceTree = "<group>"; };
		821416211D63F190AAAD016A /* AppKit.framework */ = {isa = PBXFileReference; lastKnownFileType = wrapper.framework; name = AppKit.framework; path = /System/Library/Frameworks/AppKit.framework; sourceTree = "<absolute>"; };
		8247A7C40FEBAA3DD4E7E744 /* about.ui */ = {isa = PBXFileReference; lastKnownFileType = text; path = about.ui; sourceTree = "<group>"; };
		9B36DA7E32F0304E780E7972 /* QtGui.framework */ = {isa = PBXFileReference; lastKnownFileType = wrapper.framework; name = QtGui.framework; path = /Library/Frameworks/QtGui.framework; sourceTree = "<absolute>"; };
		A93DF979D20C91D1A15D9625 /* QuickTime.framework */ = {isa = PBXFileReference; lastKnownFileType = wrapper.framework; name = QuickTime.framework; path = /System/Library/Frameworks/QuickTime.framework; sourceTree = "<absolute>"; };
		B6B45450E6FC5759EFB34A26 /* equip.icns */ = {isa = PBXFileReference; lastKnownFileType = image.icns; path = equip.icns; sourceTree = "<group>"; };
		B97AB306A0D32041710F0264 /* equipmant.h */ = {isa = PBXFileReference; lastKnownFileType = sourcecode.c.h; path = equipmant.h; sourceTree = "<group>"; };
		BF515FE41878AFB2C7C72A5A /* equipmant.ui */ = {isa = PBXFileReference; lastKnownFileType = text; path = equipmant.ui; sourceTree = "<group>"; };
		BFF7970763F05834C84B8DDE /* imp_equipmant.h */ = {isa = PBXFileReference; lastKnownFileType = sourcecode.c.h; path = imp_equipmant.h; sourceTree = "<group>"; };
		DA138F75C9F545CDAE7FB264 /* Carbon.framework */ = {isa = PBXFileReference; lastKnownFileType = wrapper.framework; name = Carbon.framework; path = /System/Library/Frameworks/Carbon.framework; sourceTree = "<absolute>"; };
		DD8B006A7443F60FB4ED03A6 /* imp_about.h */ = {isa = PBXFileReference; lastKnownFileType = sourcecode.c.h; path = imp_about.h; sourceTree = "<group>"; };
		FDDF060790406181768A99FF /* imp_about.cpp */ = {isa = PBXFileReference; lastKnownFileType = sourcecode.cpp.cpp; path = imp_about.cpp; sourceTree = "<group>"; };
/* End PBXFileReference section */

/* Begin PBXFrameworksBuildPhase section */
		2A1043669E6E5A7426EA502A /* Frameworks & Libraries */ = {
			isa = PBXFrameworksBuildPhase;
			buildActionMask = 2147483647;
			files = (
				501667F26B3C1FF6767A7C12 /* QtGui.framework in Frameworks & Libraries */,
				C8FD4A1AAA37CF2CA2824CCF /* Carbon.framework in Frameworks & Libraries */,
				C970DEE26C28766E9311E00E /* QuickTime.framework in Frameworks & Libraries */,
				51D4DBF7CB8537BE86EBD055 /* AppKit.framework in Frameworks & Libraries */,
				069D05B0128AE5DC7EE31738 /* QtCore.framework in Frameworks & Libraries */,
				F9E76E570E10AF14870553A7 /* ApplicationServices.framework in Frameworks & Libraries */,
			);
			name = "Frameworks & Libraries";
			runOnlyForDeploymentPostprocessing = 0;
		};
/* End PBXFrameworksBuildPhase section */

/* Begin PBXGroup section */
		05596AB53D8D521C69802C27 /* equip */ = {
			isa = PBXGroup;
			children = (
				FB61758D0F0FDA4BA867C3D5 /* Sources */,
				46E892BBB6BB6952967E0561 /* Temporary Sources */,
				883D7615C4D2DE3FA1218F12 /* Headers */,
				7CABE3C80E79AD2B307756D2 /* Sources [qmake] */,
				52C235EBF1C9B07808119459 /* Sources [RCC] */,
				EEC299C65D5017EB9DD513B0 /* Sources [UIC] */,
				ED1E82605DD74B483AF3C982 /* External Frameworks and Libraries */,
				09FBAE7E0D17258A00F7A565 /* Products */,
			);
			name = equip;
			sourceTree = "<group>";
		};
		09FBAE7E0D17258A00F7A565 /* Products */ = {
			isa = PBXGroup;
			children = (
				09FBAE7D0D17258A00F7A565 /* equip.app */,
			);
			name = Products;
			sourceTree = "<group>";
		};
		46E892BBB6BB6952967E0561 /* Temporary Sources */ = {
			isa = PBXGroup;
			children = (
				6E9D5766387B86E0BF89F468 /* moc_imp_about.cpp */,
				113948CA6960949D23784AB0 /* moc_imp_equipmant.cpp */,
				2316B605C7E27BA602386713 /* qrc_equip.cpp */,
				3BC338EB54B5D323151DEF99 /* ui_about.h */,
				7E628BFE3C05096615E244F1 /* ui_equipmant.h */,
			);
			name = "Temporary Sources";
			sourceTree = "<group>";
		};
		52C235EBF1C9B07808119459 /* Sources [RCC] */ = {
			isa = PBXGroup;
			children = (
				6AF84D118C271F3EB05ECCB2 /* equip.qrc */,
			);
			name = "Sources [RCC]";
			sourceTree = "<group>";
		};
		7CABE3C80E79AD2B307756D2 /* Sources [qmake] */ = {
			isa = PBXGroup;
			children = (
				4291BFEE8FDDE9B0FCACFC98 /* equip.pro */,
			);
			name = "Sources [qmake]";
			sourceTree = "<group>";
		};
		883D7615C4D2DE3FA1218F12 /* Headers */ = {
			isa = PBXGroup;
			children = (
				B97AB306A0D32041710F0264 /* equipmant.h */,
				DD8B006A7443F60FB4ED03A6 /* imp_about.h */,
				BFF7970763F05834C84B8DDE /* imp_equipmant.h */,
			);
			name = Headers;
			sourceTree = "<group>";
		};
		ED1E82605DD74B483AF3C982 /* External Frameworks and Libraries */ = {
			isa = PBXGroup;
			children = (
				9B36DA7E32F0304E780E7972 /* QtGui.framework */,
				DA138F75C9F545CDAE7FB264 /* Carbon.framework */,
				A93DF979D20C91D1A15D9625 /* QuickTime.framework */,
				821416211D63F190AAAD016A /* AppKit.framework */,
				7BC2E65A5E699A5E5D834CA2 /* QtCore.framework */,
				27AE7A480FD6C52FCA80FECD /* ApplicationServices.framework */,
			);
			name = "External Frameworks and Libraries";
			sourceTree = "<group>";
		};
		EEC299C65D5017EB9DD513B0 /* Sources [UIC] */ = {
			isa = PBXGroup;
			children = (
				8247A7C40FEBAA3DD4E7E744 /* about.ui */,
				BF515FE41878AFB2C7C72A5A /* equipmant.ui */,
			);
			name = "Sources [UIC]";
			sourceTree = "<group>";
		};
		FB61758D0F0FDA4BA867C3D5 /* Sources */ = {
			isa = PBXGroup;
			children = (
				FDDF060790406181768A99FF /* imp_about.cpp */,
				524AF6F906D805FEFEEE072C /* imp_equipmant.cpp */,
				118FCBAABA162BA17933C789 /* main.cpp */,
				B6B45450E6FC5759EFB34A26 /* equip.icns */,
			);
			name = Sources;
			sourceTree = "<group>";
		};
/* End PBXGroup section */

/* Begin PBXNativeTarget section */
		3DC297BF33CF4AA50FC0D9F5 /* equip */ = {
			isa = PBXNativeTarget;
			buildConfigurationList = 09FBAE970D17259400F7A565 /* Build configuration list for PBXNativeTarget "equip" */;
			buildPhases = (
				D7BA7D76DAB5DD13389D6332 /* Qt Qmake */,
				A0A52A2ADF7A1E2A99738674 /* Qt Preprocessors */,
				F6069D5A5DA8AA28EDB8B3C6 /* Project Copy */,
				C29B8785722055ED95EF7B57 /* Build Sources */,
				2A1043669E6E5A7426EA502A /* Frameworks & Libraries */,
				3787F99312C85FF0073FD7BA /* Bundle Resources */,
			);
			buildRules = (
			);
			dependencies = (
			);
			name = equip;
			productName = equip;
			productReference = 09FBAE7D0D17258A00F7A565 /* equip.app */;
			productType = "com.apple.product-type.application";
		};
/* End PBXNativeTarget section */

/* Begin PBXProject section */
		91B15E841AA80083484172DE /* Project object */ = {
			isa = PBXProject;
			buildConfigurationList = 2A951308CDB28F104D0A4BD2 /* Build configuration list for PBXProject "equip" */;
			hasScannedForEncodings = 1;
			mainGroup = 05596AB53D8D521C69802C27 /* equip */;
			productRefGroup = 09FBAE7E0D17258A00F7A565 /* Products */;
			projectDirPath = "";
			targets = (
				3DC297BF33CF4AA50FC0D9F5 /* equip */,
			);
		};
/* End PBXProject section */

/* Begin PBXResourcesBuildPhase section */
		3787F99312C85FF0073FD7BA /* Bundle Resources */ = {
			isa = PBXResourcesBuildPhase;
			buildActionMask = 2147483647;
			files = (
				C04CCB82DD22BFC9D8AA3427 /* equip.icns in Bundle Resources */,
			);
			name = "Bundle Resources";
			runOnlyForDeploymentPostprocessing = 0;
		};
/* End PBXResourcesBuildPhase section */

/* Begin PBXShellScriptBuildPhase section */
		A0A52A2ADF7A1E2A99738674 /* Qt Preprocessors */ = {
			isa = PBXShellScriptBuildPhase;
			buildActionMask = 2147483647;
			files = (
			);
			name = "Qt Preprocessors";
			runOnlyForDeploymentPostprocessing = 0;
			shellPath = /bin/sh;
			shellScript = "make -C \"/Users/grekkos/apps/equipmant_project/equipmant/src\" -f \"equip.xcodeproj/qt_preprocess.mak\"";
		};
		D7BA7D76DAB5DD13389D6332 /* Qt Qmake */ = {
			isa = PBXShellScriptBuildPhase;
			buildActionMask = 2147483647;
			files = (
			);
			name = "Qt Qmake";
			runOnlyForDeploymentPostprocessing = 0;
			shellPath = /bin/sh;
			shellScript = "make -C \"/Users/grekkos/apps/equipmant_project/equipmant/src\" -f \"equip.xcodeproj/qt_makeqmake.mak\"";
		};
/* End PBXShellScriptBuildPhase section */

/* Begin PBXSourcesBuildPhase section */
		C29B8785722055ED95EF7B57 /* Build Sources */ = {
			isa = PBXSourcesBuildPhase;
			buildActionMask = 2147483647;
			files = (
				DB5EDFE402AC794D764D7A95 /* imp_about.cpp in Build Sources */,
				BE2F8C72CEC896C4DE97D0F5 /* imp_equipmant.cpp in Build Sources */,
				2B093CA6F071B023A473CED0 /* main.cpp in Build Sources */,
				C9C115EDA14570BA91E04AE0 /* moc_imp_about.cpp in Build Sources */,
				101147CE57DDA0B7C3131569 /* moc_imp_equipmant.cpp in Build Sources */,
				728A05418BAA303E32C0465B /* qrc_equip.cpp in Build Sources */,
			);
			name = "Build Sources";
			runOnlyForDeploymentPostprocessing = 0;
		};
/* End PBXSourcesBuildPhase section */

/* Begin XCBuildConfiguration section */
		09FBAE980D17259400F7A565 /* Debug */ = {
			isa = XCBuildConfiguration;
			buildSettings = {
				BUILD_ROOT = /Users/grekkos/apps/equipmant_project/equipmant/src;
				CC = "";
				COPY_PHASE_STRIP = NO;
				CPLUSPLUS = "";
				DYLIB_COMPATIBILITY_VERSION = 1.0;
				DYLIB_CURRENT_VERSION = 1.0.0;
				FRAMEWORK_SEARCH_PATHS = /Library/Frameworks;
				GCC_GENERATE_DEBUGGING_SYMBOLS = YES;
				GCC_OPTIMIZATION_LEVEL = 0;
				HEADER_SEARCH_PATHS = (
					/Library/Frameworks/QtCore.framework/Versions/4/Headers,
					/usr/include/QtCore,
					/Library/Frameworks/QtGui.framework/Versions/4/Headers,
					/usr/include/QtGui,
					/usr/include,
					.,
					.,
					.,
					/usr/local/include,
					/System/Library/Frameworks/CarbonCore.framework/Headers,
					"/usr/local/Qt4.2/mkspecs/macx-xcode",
				);
				INFOPLIST_FILE = Info.plist;
				LEXFLAGS = "";
				LIBRARY_SEARCH_PATHS = "";
				OTHER_CFLAGS = (
					"-pipe",
					"-g",
					"-Wall",
					"-W",
					"-F/Library/Frameworks",
					"-DQT_GUI_LIB",
					"-DQT_CORE_LIB",
					"-DQT_SHARED",
				);
				OTHER_CPLUSPLUSFLAGS = (
					"-pipe",
					"-g",
					"-Wall",
					"-W",
					"-F/Library/Frameworks",
					"-DQT_GUI_LIB",
					"-DQT_CORE_LIB",
					"-DQT_SHARED",
				);
				OTHER_LDFLAGS = (
					"-headerpad_max_install_names",
					"-F/Library/Frameworks",
					"-L/Library/Frameworks",
					"-lz",
					"-lm",
					"-liconv",
				);
				OTHER_REZFLAGS = "";
				PREBINDING = NO;
				PRODUCT_NAME = equip;
				SECTORDER_FLAGS = "";
				WARNING_CFLAGS = "";
				YACCFLAGS = "-d";
			};
			name = Debug;
		};
		09FBAE990D17259400F7A565 /* Release */ = {
			isa = XCBuildConfiguration;
			buildSettings = {
				BUILD_ROOT = /Users/grekkos/apps/equipmant_project/equipmant/src;
				CC = "";
				COPY_PHASE_STRIP = YES;
				CPLUSPLUS = "";
				DYLIB_COMPATIBILITY_VERSION = 1.0;
				DYLIB_CURRENT_VERSION = 1.0.0;
				FRAMEWORK_SEARCH_PATHS = /Library/Frameworks;
				GCC_GENERATE_DEBUGGING_SYMBOLS = NO;
				HEADER_SEARCH_PATHS = (
					/Library/Frameworks/QtCore.framework/Versions/4/Headers,
					/usr/include/QtCore,
					/Library/Frameworks/QtGui.framework/Versions/4/Headers,
					/usr/include/QtGui,
					/usr/include,
					.,
					.,
					.,
					/usr/local/include,
					/System/Library/Frameworks/CarbonCore.framework/Headers,
					"/usr/local/Qt4.2/mkspecs/macx-xcode",
				);
				INFOPLIST_FILE = Info.plist;
				LEXFLAGS = "";
				LIBRARY_SEARCH_PATHS = "";
				OTHER_CFLAGS = (
					"-pipe",
					"-g",
					"-Wall",
					"-W",
					"-F/Library/Frameworks",
					"-DQT_GUI_LIB",
					"-DQT_CORE_LIB",
					"-DQT_SHARED",
				);
				OTHER_CPLUSPLUSFLAGS = (
					"-pipe",
					"-g",
					"-Wall",
					"-W",
					"-F/Library/Frameworks",
					"-DQT_GUI_LIB",
					"-DQT_CORE_LIB",
					"-DQT_SHARED",
				);
				OTHER_LDFLAGS = (
					"-headerpad_max_install_names",
					"-F/Library/Frameworks",
					"-L/Library/Frameworks",
					"-lz",
					"-lm",
					"-liconv",
				);
				OTHER_REZFLAGS = "";
				PREBINDING = NO;
				PRODUCT_NAME = equip;
				SECTORDER_FLAGS = "";
				WARNING_CFLAGS = "";
				YACCFLAGS = "-d";
			};
			name = Release;
		};
		09FBAE9A0D17259400F7A565 /* Default */ = {
			isa = XCBuildConfiguration;
			buildSettings = {
				BUILD_ROOT = /Users/grekkos/apps/equipmant_project/equipmant/src;
				CC = "";
				CPLUSPLUS = "";
				DYLIB_COMPATIBILITY_VERSION = 1.0;
				DYLIB_CURRENT_VERSION = 1.0.0;
				FRAMEWORK_SEARCH_PATHS = /Library/Frameworks;
				HEADER_SEARCH_PATHS = (
					/Library/Frameworks/QtCore.framework/Versions/4/Headers,
					/usr/include/QtCore,
					/Library/Frameworks/QtGui.framework/Versions/4/Headers,
					/usr/include/QtGui,
					/usr/include,
					.,
					.,
					.,
					/usr/local/include,
					/System/Library/Frameworks/CarbonCore.framework/Headers,
					"/usr/local/Qt4.2/mkspecs/macx-xcode",
				);
				INFOPLIST_FILE = Info.plist;
				LEXFLAGS = "";
				LIBRARY_SEARCH_PATHS = "";
				OTHER_CFLAGS = (
					"-pipe",
					"-g",
					"-Wall",
					"-W",
					"-F/Library/Frameworks",
					"-DQT_GUI_LIB",
					"-DQT_CORE_LIB",
					"-DQT_SHARED",
				);
				OTHER_CPLUSPLUSFLAGS = (
					"-pipe",
					"-g",
					"-Wall",
					"-W",
					"-F/Library/Frameworks",
					"-DQT_GUI_LIB",
					"-DQT_CORE_LIB",
					"-DQT_SHARED",
				);
				OTHER_LDFLAGS = (
					"-headerpad_max_install_names",
					"-F/Library/Frameworks",
					"-L/Library/Frameworks",
					"-lz",
					"-lm",
					"-liconv",
				);
				OTHER_REZFLAGS = "";
				PREBINDING = NO;
				PRODUCT_NAME = equip;
				SECTORDER_FLAGS = "";
				WARNING_CFLAGS = "";
				YACCFLAGS = "-d";
			};
			name = Default;
		};
		8DB1DD96F65B1BF1FFC506E0 /* Debug */ = {
			isa = XCBuildConfiguration;
			buildSettings = {
				COPY_PHASE_STRIP = NO;
				GCC_GENERATE_DEBUGGING_SYMBOLS = YES;
				GCC_OPTIMIZATION_LEVEL = 0;
			};
			name = Debug;
		};
		95E1EB2E5DDD587BE5B3E548 /* Release */ = {
			isa = XCBuildConfiguration;
			buildSettings = {
				COPY_PHASE_STRIP = YES;
				GCC_GENERATE_DEBUGGING_SYMBOLS = NO;
			};
			name = Release;
		};
/* End XCBuildConfiguration section */

/* Begin XCConfigurationList section */
		09FBAE970D17259400F7A565 /* Build configuration list for PBXNativeTarget "equip" */ = {
			isa = XCConfigurationList;
			buildConfigurations = (
				09FBAE980D17259400F7A565 /* Debug */,
				09FBAE990D17259400F7A565 /* Release */,
				09FBAE9A0D17259400F7A565 /* Default */,
			);
			defaultConfigurationIsVisible = 0;
			defaultConfigurationName = Default;
		};
		2A951308CDB28F104D0A4BD2 /* Build configuration list for PBXProject "equip" */ = {
			isa = XCConfigurationList;
			buildConfigurations = (
				8DB1DD96F65B1BF1FFC506E0 /* Debug */,
				95E1EB2E5DDD587BE5B3E548 /* Release */,
			);
			defaultConfigurationIsVisible = 0;
			defaultConfigurationName = Release;
		};
/* End XCConfigurationList section */
	};
	rootObject = 91B15E841AA80083484172DE /* Project object */;
}
